
Microsoft Visual Studio Solution File, Format Version 12.00
# Visual Studio 15
VisualStudioVersion = 15.0.27428.2015
MinimumVisualStudioVersion = 10.0.40219.1
Project("{FAE04EC0-301F-11D3-BF4B-00C04F79EFBC}") = "Calculator", "Calculator\Calculator.csproj", "{3279015E-E96C-4F48-B3FF-976DB52C52F9}"
EndProject
Global
	GlobalSection(SolutionConfigurationPlatforms) = preSolution
		Debug|Any CPU = Debug|Any CPU
		Release|Any CPU = Release|Any CPU
	EndGlobalSection
	GlobalSection(ProjectConfigurationPlatforms) = postSolution
		{3279015E-E96C-4F48-B3FF-976DB52C52F9}.Debug|Any CPU.ActiveCfg = Debug|Any CPU
		{3279015E-E96C-4F48-B3FF-976DB52C52F9}.Debug|Any CPU.Build.0 = Debug|Any CPU
		{3279015E-E96C-4F48-B3FF-976DB52C52F9}.Release|Any CPU.ActiveCfg = Release|Any CPU
		{3279015E-E96C-4F48-B3FF-976DB52C52F9}.Release|Any CPU.Build.0 = Release|Any CPU
	EndGlobalSection
	GlobalSection(SolutionProperties) = preSolution
		HideSolutionNode = FALSE
	EndGlobalSection
	GlobalSection(ExtensibilityGlobals) = postSolution
		SolutionGuid = {5531C716-4C40-4984-84CA-0C652EC510BF}
	EndGlobalSection
EndGlobal
